
Microsoft Visual Studio Solution File, Format Version 12.00
# Visual Studio Version 17
VisualStudioVersion = 17.14.36109.1 d17.14
MinimumVisualStudioVersion = 10.0.40219.1
Project("{FAE04EC0-301F-11D3-BF4B-00C04F79EFBC}") = "Neurometer", "Neurometer\Neurometer.csproj", "{404D3A5F-5606-49B2-A60D-17CB5A8ED904}"
EndProject
Global
	GlobalSection(SolutionConfigurationPlatforms) = preSolution
		Debug|Any CPU = Debug|Any CPU
		Release|Any CPU = Release|Any CPU
	EndGlobalSection
	GlobalSection(ProjectConfigurationPlatforms) = postSolution
		{404D3A5F-5606-49B2-A60D-17CB5A8ED904}.Debug|Any CPU.ActiveCfg = Debug|Any CPU
		{404D3A5F-5606-49B2-A60D-17CB5A8ED904}.Debug|Any CPU.Build.0 = Debug|Any CPU
		{404D3A5F-5606-49B2-A60D-17CB5A8ED904}.Release|Any CPU.ActiveCfg = Release|Any CPU
		{404D3A5F-5606-49B2-A60D-17CB5A8ED904}.Release|Any CPU.Build.0 = Release|Any CPU
	EndGlobalSection
	GlobalSection(SolutionProperties) = preSolution
		HideSolutionNode = FALSE
	EndGlobalSection
	GlobalSection(ExtensibilityGlobals) = postSolution
		SolutionGuid = {AD32241E-C721-400E-A748-D5EA4F96D790}
	EndGlobalSection
EndGlobal
